
Microsoft Visual Studio Solution File, Format Version 12.00
# Visual Studio Version 17
VisualStudioVersion = 17.7.34221.43
MinimumVisualStudioVersion = 10.0.40219.1
Project("{FAE04EC0-301F-11D3-BF4B-00C04F79EFBC}") = "MyScriptureJournal_Alma", "MyScriptureJournal_Alma.csproj", "{0FA16836-CB7C-4A2B-8928-CAF0A88A235F}"
EndProject
Global
	GlobalSection(SolutionConfigurationPlatforms) = preSolution
		Debug|Any CPU = Debug|Any CPU
		Release|Any CPU = Release|Any CPU
	EndGlobalSection
	GlobalSection(ProjectConfigurationPlatforms) = postSolution
		{0FA16836-CB7C-4A2B-8928-CAF0A88A235F}.Debug|Any CPU.ActiveCfg = Debug|Any CPU
		{0FA16836-CB7C-4A2B-8928-CAF0A88A235F}.Debug|Any CPU.Build.0 = Debug|Any CPU
		{0FA16836-CB7C-4A2B-8928-CAF0A88A235F}.Release|Any CPU.ActiveCfg = Release|Any CPU
		{0FA16836-CB7C-4A2B-8928-CAF0A88A235F}.Release|Any CPU.Build.0 = Release|Any CPU
	EndGlobalSection
	GlobalSection(SolutionProperties) = preSolution
		HideSolutionNode = FALSE
	EndGlobalSection
	GlobalSection(ExtensibilityGlobals) = postSolution
		SolutionGuid = {03F7DB3A-2F7E-427D-809E-AA1C89EA5448}
	EndGlobalSection
EndGlobal
